
Microsoft Visual Studio Solution File, Format Version 12.00
# Visual Studio Version 17
VisualStudioVersion = 17.0.31919.166
MinimumVisualStudioVersion = 10.0.40219.1
Project("{FAE04EC0-301F-11D3-BF4B-00C04F79EFBC}") = "WA20211204", "WA20211204\WA20211204.csproj", "{FE3999F2-C1E5-43D2-8545-03826DF85AA9}"
EndProject
Global
	GlobalSection(SolutionConfigurationPlatforms) = preSolution
		Debug|Any CPU = Debug|Any CPU
		Release|Any CPU = Release|Any CPU
	EndGlobalSection
	GlobalSection(ProjectConfigurationPlatforms) = postSolution
		{FE3999F2-C1E5-43D2-8545-03826DF85AA9}.Debug|Any CPU.ActiveCfg = Debug|Any CPU
		{FE3999F2-C1E5-43D2-8545-03826DF85AA9}.Debug|Any CPU.Build.0 = Debug|Any CPU
		{FE3999F2-C1E5-43D2-8545-03826DF85AA9}.Release|Any CPU.ActiveCfg = Release|Any CPU
		{FE3999F2-C1E5-43D2-8545-03826DF85AA9}.Release|Any CPU.Build.0 = Release|Any CPU
	EndGlobalSection
	GlobalSection(SolutionProperties) = preSolution
		HideSolutionNode = FALSE
	EndGlobalSection
	GlobalSection(ExtensibilityGlobals) = postSolution
		SolutionGuid = {13168ED1-9941-4F51-B2AA-E7A4C5DFB569}
	EndGlobalSection
EndGlobal
